
Microsoft Visual Studio Solution File, Format Version 12.00
# Visual Studio Version 17
VisualStudioVersion = 17.5.002.0
MinimumVisualStudioVersion = 10.0.40219.1
Project("{2150E333-8FDC-42A3-9474-1A3956D46DE8}") = "csharp-prep", "csharp-prep", "{97AFD8B2-1F5F-478E-A0D1-549BDF989912}"
EndProject
Project("{9A19103F-16F7-4668-BE54-9A1E7A4F7556}") = "Prep1", "csharp-prep\Prep1\Prep1.csproj", "{57532E92-F2B1-4CC3-90A8-E14EF5BB33B5}"
EndProject
Project("{9A19103F-16F7-4668-BE54-9A1E7A4F7556}") = "Prep2", "csharp-prep\Prep2\Prep2.csproj", "{C21EE2A3-D80B-4199-B511-71BD724F1A6F}"
EndProject
Project("{9A19103F-16F7-4668-BE54-9A1E7A4F7556}") = "Prep3", "csharp-prep\Prep3\Prep3.csproj", "{BAF0D2A0-0E9F-450F-A1F5-651286A3A5BF}"
EndProject
Project("{9A19103F-16F7-4668-BE54-9A1E7A4F7556}") = "Prep4", "csharp-prep\Prep4\Prep4.csproj", "{8452240B-E1C6-4304-A177-1CCBA660FE0F}"
EndProject
Project("{9A19103F-16F7-4668-BE54-9A1E7A4F7556}") = "Prep5", "csharp-prep\Prep5\Prep5.csproj", "{C584F2BC-C803-40D5-A179-5DE2A0E5CE7B}"
EndProject
Project("{2150E333-8FDC-42A3-9474-1A3956D46DE8}") = "final", "final", "{58203A14-5731-4233-A08E-34339AB46E15}"
EndProject
Project("{9A19103F-16F7-4668-BE54-9A1E7A4F7556}") = "FinalProject", "final\FinalProject\FinalProject.csproj", "{E83E1F1C-5F1E-437A-B23C-EF76D2395904}"
EndProject
Project("{9A19103F-16F7-4668-BE54-9A1E7A4F7556}") = "Foundation1", "final\Foundation1\Foundation1.csproj", "{26EEF2F9-D3E7-4135-8CEB-FE4D957265A3}"
EndProject
Project("{9A19103F-16F7-4668-BE54-9A1E7A4F7556}") = "Foundation2", "final\Foundation2\Foundation2.csproj", "{30199CD7-4F7D-4DE7-AA0B-5497FFBF518D}"
EndProject
Project("{9A19103F-16F7-4668-BE54-9A1E7A4F7556}") = "Foundation3", "final\Foundation3\Foundation3.csproj", "{82392C6B-F4D6-4343-9277-43C09832B012}"
EndProject
Project("{9A19103F-16F7-4668-BE54-9A1E7A4F7556}") = "Foundation4", "final\Foundation4\Foundation4.csproj", "{879838DD-CF12-44B4-9D8D-F8A0A84A1685}"
EndProject
Project("{2150E333-8FDC-42A3-9474-1A3956D46DE8}") = "prepare", "prepare", "{66530A46-748D-4DEE-BD4F-7EEDE9A1AAEA}"
EndProject
Project("{9A19103F-16F7-4668-BE54-9A1E7A4F7556}") = "Learning02", "prepare\Learning02\Learning02.csproj", "{2E68DC6E-5AB9-4B6E-9976-0C5B1D58A0C7}"
EndProject
Project("{9A19103F-16F7-4668-BE54-9A1E7A4F7556}") = "Learning03", "prepare\Learning03\Learning03.csproj", "{99FB3963-0DAB-463B-80AA-A145940312AD}"
EndProject
Project("{9A19103F-16F7-4668-BE54-9A1E7A4F7556}") = "Learning04", "prepare\Learning04\Learning04.csproj", "{02AD39E7-6D8C-462B-B4F1-C5B7D555E410}"
EndProject
Project("{9A19103F-16F7-4668-BE54-9A1E7A4F7556}") = "Learning05", "prepare\Learning05\Learning05.csproj", "{46F8B0A0-C48E-4A63-A911-EC705C37D661}"
EndProject
Project("{2150E333-8FDC-42A3-9474-1A3956D46DE8}") = "prove", "prove", "{EE111456-C3E0-4C8E-8CFE-472AFADCA5AD}"
EndProject
Project("{9A19103F-16F7-4668-BE54-9A1E7A4F7556}") = "Develop02", "prove\Develop02\Develop02.csproj", "{98BE47BD-96BE-48B3-9918-004EAC936321}"
EndProject
Project("{9A19103F-16F7-4668-BE54-9A1E7A4F7556}") = "Develop03", "prove\Develop03\Develop03.csproj", "{2C9327E8-95DE-4271-AAB7-5C8356E64778}"
EndProject
Project("{9A19103F-16F7-4668-BE54-9A1E7A4F7556}") = "Develop04", "prove\Develop04\Develop04.csproj", "{94D4E481-138D-4AEB-9C34-FFBDEFF3E369}"
EndProject
Project("{9A19103F-16F7-4668-BE54-9A1E7A4F7556}") = "Develop05", "prove\Develop05\Develop05.csproj", "{43524F4C-9F08-4E72-82E7-E3649FDA116A}"
EndProject
Project("{2150E333-8FDC-42A3-9474-1A3956D46DE8}") = "sandbox", "sandbox", "{301FC413-880A-466F-BC26-AA079FBD1129}"
EndProject
Project("{9A19103F-16F7-4668-BE54-9A1E7A4F7556}") = "Sandbox", "sandbox\Sandbox\Sandbox.csproj", "{6D619FBA-E6C1-4DCC-AB34-4EA99C38A459}"
EndProject
Global
	GlobalSection(SolutionConfigurationPlatforms) = preSolution
		Debug|Any CPU = Debug|Any CPU
		Release|Any CPU = Release|Any CPU
	EndGlobalSection
	GlobalSection(ProjectConfigurationPlatforms) = postSolution
		{57532E92-F2B1-4CC3-90A8-E14EF5BB33B5}.Debug|Any CPU.ActiveCfg = Debug|Any CPU
		{57532E92-F2B1-4CC3-90A8-E14EF5BB33B5}.Debug|Any CPU.Build.0 = Debug|Any CPU
		{57532E92-F2B1-4CC3-90A8-E14EF5BB33B5}.Release|Any CPU.ActiveCfg = Release|Any CPU
		{57532E92-F2B1-4CC3-90A8-E14EF5BB33B5}.Release|Any CPU.Build.0 = Release|Any CPU
		{C21EE2A3-D80B-4199-B511-71BD724F1A6F}.Debug|Any CPU.ActiveCfg = Debug|Any CPU
		{C21EE2A3-D80B-4199-B511-71BD724F1A6F}.Debug|Any CPU.Build.0 = Debug|Any CPU
		{C21EE2A3-D80B-4199-B511-71BD724F1A6F}.Release|Any CPU.ActiveCfg = Release|Any CPU
		{C21EE2A3-D80B-4199-B511-71BD724F1A6F}.Release|Any CPU.Build.0 = Release|Any CPU
		{BAF0D2A0-0E9F-450F-A1F5-651286A3A5BF}.Debug|Any CPU.ActiveCfg = Debug|Any CPU
		{BAF0D2A0-0E9F-450F-A1F5-651286A3A5BF}.Debug|Any CPU.Build.0 = Debug|Any CPU
		{BAF0D2A0-0E9F-450F-A1F5-651286A3A5BF}.Release|Any CPU.ActiveCfg = Release|Any CPU
		{BAF0D2A0-0E9F-450F-A1F5-651286A3A5BF}.Release|Any CPU.Build.0 = Release|Any CPU
		{8452240B-E1C6-4304-A177-1CCBA660FE0F}.Debug|Any CPU.ActiveCfg = Debug|Any CPU
		{8452240B-E1C6-4304-A177-1CCBA660FE0F}.Debug|Any CPU.Build.0 = Debug|Any CPU
		{8452240B-E1C6-4304-A177-1CCBA660FE0F}.Release|Any CPU.ActiveCfg = Release|Any CPU
		{8452240B-E1C6-4304-A177-1CCBA660FE0F}.Release|Any CPU.Build.0 = Release|Any CPU
		{C584F2BC-C803-40D5-A179-5DE2A0E5CE7B}.Debug|Any CPU.ActiveCfg = Debug|Any CPU
		{C584F2BC-C803-40D5-A179-5DE2A0E5CE7B}.Debug|Any CPU.Build.0 = Debug|Any CPU
		{C584F2BC-C803-40D5-A179-5DE2A0E5CE7B}.Release|Any CPU.ActiveCfg = Release|Any CPU
		{C584F2BC-C803-40D5-A179-5DE2A0E5CE7B}.Release|Any CPU.Build.0 = Release|Any CPU
		{E83E1F1C-5F1E-437A-B23C-EF76D2395904}.Debug|Any CPU.ActiveCfg = Debug|Any CPU
		{E83E1F1C-5F1E-437A-B23C-EF76D2395904}.Debug|Any CPU.Build.0 = Debug|Any CPU
		{E83E1F1C-5F1E-437A-B23C-EF76D2395904}.Release|Any CPU.ActiveCfg = Release|Any CPU
		{E83E1F1C-5F1E-437A-B23C-EF76D2395904}.Release|Any CPU.Build.0 = Release|Any CPU
		{26EEF2F9-D3E7-4135-8CEB-FE4D957265A3}.Debug|Any CPU.ActiveCfg = Debug|Any CPU
		{26EEF2F9-D3E7-4135-8CEB-FE4D957265A3}.Debug|Any CPU.Build.0 = Debug|Any CPU
		{26EEF2F9-D3E7-4135-8CEB-FE4D957265A3}.Release|Any CPU.ActiveCfg = Release|Any CPU
		{26EEF2F9-D3E7-4135-8CEB-FE4D957265A3}.Release|Any CPU.Build.0 = Release|Any CPU
		{30199CD7-4F7D-4DE7-AA0B-5497FFBF518D}.Debug|Any CPU.ActiveCfg = Debug|Any CPU
		{30199CD7-4F7D-4DE7-AA0B-5497FFBF518D}.Debug|Any CPU.Build.0 = Debug|Any CPU
		{30199CD7-4F7D-4DE7-AA0B-5497FFBF518D}.Release|Any CPU.ActiveCfg = Release|Any CPU
		{30199CD7-4F7D-4DE7-AA0B-5497FFBF518D}.Release|Any CPU.Build.0 = Release|Any CPU
		{82392C6B-F4D6-4343-9277-43C09832B012}.Debug|Any CPU.ActiveCfg = Debug|Any CPU
		{82392C6B-F4D6-4343-9277-43C09832B012}.Debug|Any CPU.Build.0 = Debug|Any CPU
		{82392C6B-F4D6-4343-9277-43C09832B012}.Release|Any CPU.ActiveCfg = Release|Any CPU
		{82392C6B-F4D6-4343-9277-43C09832B012}.Release|Any CPU.Build.0 = Release|Any CPU
		{879838DD-CF12-44B4-9D8D-F8A0A84A1685}.Debug|Any CPU.ActiveCfg = Debug|Any CPU
		{879838DD-CF12-44B4-9D8D-F8A0A84A1685}.Debug|Any CPU.Build.0 = Debug|Any CPU
		{879838DD-CF12-44B4-9D8D-F8A0A84A1685}.Release|Any CPU.ActiveCfg = Release|Any CPU
		{879838DD-CF12-44B4-9D8D-F8A0A84A1685}.Release|Any CPU.Build.0 = Release|Any CPU
		{2E68DC6E-5AB9-4B6E-9976-0C5B1D58A0C7}.Debug|Any CPU.ActiveCfg = Debug|Any CPU
		{2E68DC6E-5AB9-4B6E-9976-0C5B1D58A0C7}.Debug|Any CPU.Build.0 = Debug|Any CPU
		{2E68DC6E-5AB9-4B6E-9976-0C5B1D58A0C7}.Release|Any CPU.ActiveCfg = Release|Any CPU
		{2E68DC6E-5AB9-4B6E-9976-0C5B1D58A0C7}.Release|Any CPU.Build.0 = Release|Any CPU
		{99FB3963-0DAB-463B-80AA-A145940312AD}.Debug|Any CPU.ActiveCfg = Debug|Any CPU
		{99FB3963-0DAB-463B-80AA-A145940312AD}.Debug|Any CPU.Build.0 = Debug|Any CPU
		{99FB3963-0DAB-463B-80AA-A145940312AD}.Release|Any CPU.ActiveCfg = Release|Any CPU
		{99FB3963-0DAB-463B-80AA-A145940312AD}.Release|Any CPU.Build.0 = Release|Any CPU
		{02AD39E7-6D8C-462B-B4F1-C5B7D555E410}.Debug|Any CPU.ActiveCfg = Debug|Any CPU
		{02AD39E7-6D8C-462B-B4F1-C5B7D555E410}.Debug|Any CPU.Build.0 = Debug|Any CPU
		{02AD39E7-6D8C-462B-B4F1-C5B7D555E410}.Release|Any CPU.ActiveCfg = Release|Any CPU
		{02AD39E7-6D8C-462B-B4F1-C5B7D555E410}.Release|Any CPU.Build.0 = Release|Any CPU
		{46F8B0A0-C48E-4A63-A911-EC705C37D661}.Debug|Any CPU.ActiveCfg = Debug|Any CPU
		{46F8B0A0-C48E-4A63-A911-EC705C37D661}.Debug|Any CPU.Build.0 = Debug|Any CPU
		{46F8B0A0-C48E-4A63-A911-EC705C37D661}.Release|Any CPU.ActiveCfg = Release|Any CPU
		{46F8B0A0-C48E-4A63-A911-EC705C37D661}.Release|Any CPU.Build.0 = Release|Any CPU
		{98BE47BD-96BE-48B3-9918-004EAC936321}.Debug|Any CPU.ActiveCfg = Debug|Any CPU
		{98BE47BD-96BE-48B3-9918-004EAC936321}.Debug|Any CPU.Build.0 = Debug|Any CPU
		{98BE47BD-96BE-48B3-9918-004EAC936321}.Release|Any CPU.ActiveCfg = Release|Any CPU
		{98BE47BD-96BE-48B3-9918-004EAC936321}.Release|Any CPU.Build.0 = Release|Any CPU
		{2C9327E8-95DE-4271-AAB7-5C8356E64778}.Debug|Any CPU.ActiveCfg = Debug|Any CPU
		{2C9327E8-95DE-4271-AAB7-5C8356E64778}.Debug|Any CPU.Build.0 = Debug|Any CPU
		{2C9327E8-95DE-4271-AAB7-5C8356E64778}.Release|Any CPU.ActiveCfg = Release|Any CPU
		{2C9327E8-95DE-4271-AAB7-5C8356E64778}.Release|Any CPU.Build.0 = Release|Any CPU
		{94D4E481-138D-4AEB-9C34-FFBDEFF3E369}.Debug|Any CPU.ActiveCfg = Debug|Any CPU
		{94D4E481-138D-4AEB-9C34-FFBDEFF3E369}.Debug|Any CPU.Build.0 = Debug|Any CPU
		{94D4E481-138D-4AEB-9C34-FFBDEFF3E369}.Release|Any CPU.ActiveCfg = Release|Any CPU
		{94D4E481-138D-4AEB-9C34-FFBDEFF3E369}.Release|Any CPU.Build.0 = Release|Any CPU
		{43524F4C-9F08-4E72-82E7-E3649FDA116A}.Debug|Any CPU.ActiveCfg = Debug|Any CPU
		{43524F4C-9F08-4E72-82E7-E3649FDA116A}.Debug|Any CPU.Build.0 = Debug|Any CPU
		{43524F4C-9F08-4E72-82E7-E3649FDA116A}.Release|Any CPU.ActiveCfg = Release|Any CPU
		{43524F4C-9F08-4E72-82E7-E3649FDA116A}.Release|Any CPU.Build.0 = Release|Any CPU
		{6D619FBA-E6C1-4DCC-AB34-4EA99C38A459}.Debug|Any CPU.ActiveCfg = Debug|Any CPU
		{6D619FBA-E6C1-4DCC-AB34-4EA99C38A459}.Debug|Any CPU.Build.0 = Debug|Any CPU
		{6D619FBA-E6C1-4DCC-AB34-4EA99C38A459}.Release|Any CPU.ActiveCfg = Release|Any CPU
		{6D619FBA-E6C1-4DCC-AB34-4EA99C38A459}.Release|Any CPU.Build.0 = Release|Any CPU
	EndGlobalSection
	GlobalSection(SolutionProperties) = preSolution
		HideSolutionNode = FALSE
	EndGlobalSection
	GlobalSection(NestedProjects) = preSolution
		{57532E92-F2B1-4CC3-90A8-E14EF5BB33B5} = {97AFD8B2-1F5F-478E-A0D1-549BDF989912}
		{C21EE2A3-D80B-4199-B511-71BD724F1A6F} = {97AFD8B2-1F5F-478E-A0D1-549BDF989912}
		{BAF0D2A0-0E9F-450F-A1F5-651286A3A5BF} = {97AFD8B2-1F5F-478E-A0D1-549BDF989912}
		{8452240B-E1C6-4304-A177-1CCBA660FE0F} = {97AFD8B2-1F5F-478E-A0D1-549BDF989912}
		{C584F2BC-C803-40D5-A179-5DE2A0E5CE7B} = {97AFD8B2-1F5F-478E-A0D1-549BDF989912}
		{E83E1F1C-5F1E-437A-B23C-EF76D2395904} = {58203A14-5731-4233-A08E-34339AB46E15}
		{26EEF2F9-D3E7-4135-8CEB-FE4D957265A3} = {58203A14-5731-4233-A08E-34339AB46E15}
		{30199CD7-4F7D-4DE7-AA0B-5497FFBF518D} = {58203A14-5731-4233-A08E-34339AB46E15}
		{82392C6B-F4D6-4343-9277-43C09832B012} = {58203A14-5731-4233-A08E-34339AB46E15}
		{879838DD-CF12-44B4-9D8D-F8A0A84A1685} = {58203A14-5731-4233-A08E-34339AB46E15}
		{2E68DC6E-5AB9-4B6E-9976-0C5B1D58A0C7} = {66530A46-748D-4DEE-BD4F-7EEDE9A1AAEA}
		{99FB3963-0DAB-463B-80AA-A145940312AD} = {66530A46-748D-4DEE-BD4F-7EEDE9A1AAEA}
		{02AD39E7-6D8C-462B-B4F1-C5B7D555E410} = {66530A46-748D-4DEE-BD4F-7EEDE9A1AAEA}
		{46F8B0A0-C48E-4A63-A911-EC705C37D661} = {66530A46-748D-4DEE-BD4F-7EEDE9A1AAEA}
		{98BE47BD-96BE-48B3-9918-004EAC936321} = {EE111456-C3E0-4C8E-8CFE-472AFADCA5AD}
		{2C9327E8-95DE-4271-AAB7-5C8356E64778} = {EE111456-C3E0-4C8E-8CFE-472AFADCA5AD}
		{94D4E481-138D-4AEB-9C34-FFBDEFF3E369} = {EE111456-C3E0-4C8E-8CFE-472AFADCA5AD}
		{43524F4C-9F08-4E72-82E7-E3649FDA116A} = {EE111456-C3E0-4C8E-8CFE-472AFADCA5AD}
		{6D619FBA-E6C1-4DCC-AB34-4EA99C38A459} = {301FC413-880A-466F-BC26-AA079FBD1129}
	EndGlobalSection
	GlobalSection(ExtensibilityGlobals) = postSolution
		SolutionGuid = {EFA1BACA-E7FB-456F-AF70-BCBE9D5656A6}
	EndGlobalSection
EndGlobal
